
Microsoft Visual Studio Solution File, Format Version 12.00
# Visual Studio 2012
Project("{FAE04EC0-301F-11D3-BF4B-00C04F79EFBC}") = "WinRTDatePicker", "WinRTDatePicker\WinRTDatePicker.csproj", "{1AA45F25-34D5-4121-904E-394B5B39D03F}"
EndProject
Global
	GlobalSection(SolutionConfigurationPlatforms) = preSolution
		Debug|Any CPU = Debug|Any CPU
		Debug|ARM = Debug|ARM
		Debug|x64 = Debug|x64
		Debug|x86 = Debug|x86
		Release|Any CPU = Release|Any CPU
		Release|ARM = Release|ARM
		Release|x64 = Release|x64
		Release|x86 = Release|x86
	EndGlobalSection
	GlobalSection(ProjectConfigurationPlatforms) = postSolution
		{1AA45F25-34D5-4121-904E-394B5B39D03F}.Debug|Any CPU.ActiveCfg = Debug|Any CPU
		{1AA45F25-34D5-4121-904E-394B5B39D03F}.Debug|Any CPU.Build.0 = Debug|Any CPU
		{1AA45F25-34D5-4121-904E-394B5B39D03F}.Debug|ARM.ActiveCfg = Debug|ARM
		{1AA45F25-34D5-4121-904E-394B5B39D03F}.Debug|ARM.Build.0 = Debug|ARM
		{1AA45F25-34D5-4121-904E-394B5B39D03F}.Debug|x64.ActiveCfg = Debug|x64
		{1AA45F25-34D5-4121-904E-394B5B39D03F}.Debug|x64.Build.0 = Debug|x64
		{1AA45F25-34D5-4121-904E-394B5B39D03F}.Debug|x86.ActiveCfg = Debug|x86
		{1AA45F25-34D5-4121-904E-394B5B39D03F}.Debug|x86.Build.0 = Debug|x86
		{1AA45F25-34D5-4121-904E-394B5B39D03F}.Release|Any CPU.ActiveCfg = Release|Any CPU
		{1AA45F25-34D5-4121-904E-394B5B39D03F}.Release|Any CPU.Build.0 = Release|Any CPU
		{1AA45F25-34D5-4121-904E-394B5B39D03F}.Release|ARM.ActiveCfg = Release|ARM
		{1AA45F25-34D5-4121-904E-394B5B39D03F}.Release|ARM.Build.0 = Release|ARM
		{1AA45F25-34D5-4121-904E-394B5B39D03F}.Release|x64.ActiveCfg = Release|x64
		{1AA45F25-34D5-4121-904E-394B5B39D03F}.Release|x64.Build.0 = Release|x64
		{1AA45F25-34D5-4121-904E-394B5B39D03F}.Release|x86.ActiveCfg = Release|x86
		{1AA45F25-34D5-4121-904E-394B5B39D03F}.Release|x86.Build.0 = Release|x86
	EndGlobalSection
	GlobalSection(SolutionProperties) = preSolution
		HideSolutionNode = FALSE
	EndGlobalSection
EndGlobal
